
Microsoft Visual Studio Solution File, Format Version 12.00
# Visual Studio Version 17
VisualStudioVersion = 17.14.36518.9
MinimumVisualStudioVersion = 10.0.40219.1
Project("{FAE04EC0-301F-11D3-BF4B-00C04F79EFBC}") = "CRC_Example_1", "CRC_Example_1\CRC_Example_1.csproj", "{3B92A09F-CDB1-4CAC-BDD6-5C4361A8A87D}"
EndProject
Project("{FAE04EC0-301F-11D3-BF4B-00C04F79EFBC}") = "CRC_Example_MVC", "CRC_Example_MVC\CRC_Example_MVC.csproj", "{CAABE75D-E4CE-475B-8EAF-3D563142717E}"
EndProject
Global
	GlobalSection(SolutionConfigurationPlatforms) = preSolution
		Debug|Any CPU = Debug|Any CPU
		Release|Any CPU = Release|Any CPU
	EndGlobalSection
	GlobalSection(ProjectConfigurationPlatforms) = postSolution
		{3B92A09F-CDB1-4CAC-BDD6-5C4361A8A87D}.Debug|Any CPU.ActiveCfg = Debug|Any CPU
		{3B92A09F-CDB1-4CAC-BDD6-5C4361A8A87D}.Debug|Any CPU.Build.0 = Debug|Any CPU
		{3B92A09F-CDB1-4CAC-BDD6-5C4361A8A87D}.Release|Any CPU.ActiveCfg = Release|Any CPU
		{3B92A09F-CDB1-4CAC-BDD6-5C4361A8A87D}.Release|Any CPU.Build.0 = Release|Any CPU
		{CAABE75D-E4CE-475B-8EAF-3D563142717E}.Debug|Any CPU.ActiveCfg = Debug|Any CPU
		{CAABE75D-E4CE-475B-8EAF-3D563142717E}.Debug|Any CPU.Build.0 = Debug|Any CPU
		{CAABE75D-E4CE-475B-8EAF-3D563142717E}.Release|Any CPU.ActiveCfg = Release|Any CPU
		{CAABE75D-E4CE-475B-8EAF-3D563142717E}.Release|Any CPU.Build.0 = Release|Any CPU
	EndGlobalSection
	GlobalSection(SolutionProperties) = preSolution
		HideSolutionNode = FALSE
	EndGlobalSection
	GlobalSection(ExtensibilityGlobals) = postSolution
		SolutionGuid = {BAE8282E-2DDF-49E9-AC76-97B87AB4CECB}
	EndGlobalSection
EndGlobal
